{
  "name": "nvue-i18n",
  "version": "1.0.0",
  "lockfileVersion": 1,
  "requires": true,
  "dependencies": {
    "vue-i18n": {
      "version": "8.22.4",
      "resolved": "https://registry.npmjs.org/vue-i18n/-/vue-i18n-8.22.4.tgz",
      "integrity": "sha512-XLI5s0AdqMP2Lf4I4CmdmOq8kjb5DDFGR77wAuxCfpEuYSfhTRyyx6MetgZMiL6Lxa0DasjBOiOcciU3NkL3/Q=="
    }
  }
}
