{
  "name": "nvue-i18n",
  "version": "1.0.0",
  "lockfileVersion": 1,
  "requires": true,
  "dependencies": {
    "vue-i18n": {
      "version": "8.26.0",
      "resolved": "https://registry.npmjs.org/vue-i18n/-/vue-i18n-8.26.0.tgz",
      "integrity": "sha512-JHEXijQavWkT0EpcUxGTcY6fo/vGmyXwRgHzCdWhPcBBm9mNAZXEoj0Vl2FfvuncGkYOAbPGJ62cdunBMbYVMA=="
    }
  }
}
