{
  "name": "nvue-i18n",
  "version": "1.0.0",
  "lockfileVersion": 1,
  "requires": true,
  "dependencies": {
    "vue-i18n": {
      "version": "8.24.5",
      "resolved": "https://registry.npmjs.org/vue-i18n/-/vue-i18n-8.24.5.tgz",
      "integrity": "sha512-p8W5xOmniuZ8fj76VXe0vBL3bRWVU87jHuC/v8VwmhKVH2iMQsKnheB1U+umxDBqC/5g9K+NwzokepcLxnBAVQ=="
    }
  }
}
